
Microsoft Visual Studio Solution File, Format Version 12.00
# Visual Studio Version 17
VisualStudioVersion = 17.10.34928.147
MinimumVisualStudioVersion = 10.0.40219.1
Project("{9A19103F-16F7-4668-BE54-9A1E7A4F7556}") = "MemoryAgentSimple", "MemoryAgentSimple.csproj", "{7D24501C-E057-4DAD-9800-1B17780545B5}"
EndProject
Global
	GlobalSection(SolutionConfigurationPlatforms) = preSolution
		Debug|Any CPU = Debug|Any CPU
		Release|Any CPU = Release|Any CPU
	EndGlobalSection
	GlobalSection(ProjectConfigurationPlatforms) = postSolution
		{7D24501C-E057-4DAD-9800-1B17780545B5}.Debug|Any CPU.ActiveCfg = Debug|Any CPU
		{7D24501C-E057-4DAD-9800-1B17780545B5}.Debug|Any CPU.Build.0 = Debug|Any CPU
		{7D24501C-E057-4DAD-9800-1B17780545B5}.Release|Any CPU.ActiveCfg = Release|Any CPU
		{7D24501C-E057-4DAD-9800-1B17780545B5}.Release|Any CPU.Build.0 = Release|Any CPU
	EndGlobalSection
	GlobalSection(SolutionProperties) = preSolution
		HideSolutionNode = FALSE
	EndGlobalSection
	GlobalSection(ExtensibilityGlobals) = postSolution
		SolutionGuid = {3CF1757B-AEA8-489F-96EA-9E0ACC3663D3}
	EndGlobalSection
EndGlobal
